
Microsoft Visual Studio Solution File, Format Version 12.00
# Visual Studio Version 16
VisualStudioVersion = 16.0.30717.126
MinimumVisualStudioVersion = 10.0.40219.1
Project("{FAE04EC0-301F-11D3-BF4B-00C04F79EFBC}") = "SampleProject", "SampleProject.csproj", "{BCD80D53-D765-4CBD-9BE4-B1900CAE924F}"
EndProject
Global
	GlobalSection(SolutionConfigurationPlatforms) = preSolution
		Debug|Any CPU = Debug|Any CPU
		Release|Any CPU = Release|Any CPU
	EndGlobalSection
	GlobalSection(ProjectConfigurationPlatforms) = postSolution
		{BCD80D53-D765-4CBD-9BE4-B1900CAE924F}.Debug|Any CPU.ActiveCfg = Debug|Any CPU
		{BCD80D53-D765-4CBD-9BE4-B1900CAE924F}.Debug|Any CPU.Build.0 = Debug|Any CPU
		{BCD80D53-D765-4CBD-9BE4-B1900CAE924F}.Release|Any CPU.ActiveCfg = Release|Any CPU
		{BCD80D53-D765-4CBD-9BE4-B1900CAE924F}.Release|Any CPU.Build.0 = Release|Any CPU
	EndGlobalSection
	GlobalSection(SolutionProperties) = preSolution
		HideSolutionNode = FALSE
	EndGlobalSection
	GlobalSection(ExtensibilityGlobals) = postSolution
		SolutionGuid = {EABA6EA5-90A2-426C-A169-6F4B5870611D}
	EndGlobalSection
EndGlobal
